
Microsoft Visual Studio Solution File, Format Version 12.00
# Visual Studio Version 17
VisualStudioVersion = 17.5.002.0
MinimumVisualStudioVersion = 10.0.40219.1
Project("{9A19103F-16F7-4668-BE54-9A1E7A4F7556}") = "CursoCSharp", "CursoCSharp.csproj", "{783A0232-C85D-4BC0-8E51-6A2E0E23F817}"
EndProject
Global
	GlobalSection(SolutionConfigurationPlatforms) = preSolution
		Debug|Any CPU = Debug|Any CPU
		Release|Any CPU = Release|Any CPU
	EndGlobalSection
	GlobalSection(ProjectConfigurationPlatforms) = postSolution
		{783A0232-C85D-4BC0-8E51-6A2E0E23F817}.Debug|Any CPU.ActiveCfg = Debug|Any CPU
		{783A0232-C85D-4BC0-8E51-6A2E0E23F817}.Debug|Any CPU.Build.0 = Debug|Any CPU
		{783A0232-C85D-4BC0-8E51-6A2E0E23F817}.Release|Any CPU.ActiveCfg = Release|Any CPU
		{783A0232-C85D-4BC0-8E51-6A2E0E23F817}.Release|Any CPU.Build.0 = Release|Any CPU
	EndGlobalSection
	GlobalSection(SolutionProperties) = preSolution
		HideSolutionNode = FALSE
	EndGlobalSection
	GlobalSection(ExtensibilityGlobals) = postSolution
		SolutionGuid = {EF6C2FF5-421D-4382-9DA6-B7B9DA0B4DC2}
	EndGlobalSection
EndGlobal
