
Microsoft Visual Studio Solution File, Format Version 12.00
# Visual Studio Version 17
VisualStudioVersion = 17.11.35312.102
MinimumVisualStudioVersion = 10.0.40219.1
Project("{FAE04EC0-301F-11D3-BF4B-00C04F79EFBC}") = "CursoCSharp", "CursoCSharp\CursoCSharp.csproj", "{B44E772C-FE77-452A-8658-4D79108CC323}"
EndProject
Global
	GlobalSection(SolutionConfigurationPlatforms) = preSolution
		Debug|Any CPU = Debug|Any CPU
		Release|Any CPU = Release|Any CPU
	EndGlobalSection
	GlobalSection(ProjectConfigurationPlatforms) = postSolution
		{B44E772C-FE77-452A-8658-4D79108CC323}.Debug|Any CPU.ActiveCfg = Debug|Any CPU
		{B44E772C-FE77-452A-8658-4D79108CC323}.Debug|Any CPU.Build.0 = Debug|Any CPU
		{B44E772C-FE77-452A-8658-4D79108CC323}.Release|Any CPU.ActiveCfg = Release|Any CPU
		{B44E772C-FE77-452A-8658-4D79108CC323}.Release|Any CPU.Build.0 = Release|Any CPU
	EndGlobalSection
	GlobalSection(SolutionProperties) = preSolution
		HideSolutionNode = FALSE
	EndGlobalSection
	GlobalSection(ExtensibilityGlobals) = postSolution
		SolutionGuid = {54A854C1-0F1E-4E7B-88E2-7F539FA6E8C3}
	EndGlobalSection
EndGlobal
